
Microsoft Visual Studio Solution File, Format Version 12.00
# Visual Studio Version 17
VisualStudioVersion = 17.13.35931.197 d17.13
MinimumVisualStudioVersion = 10.0.40219.1
Project("{FAE04EC0-301F-11D3-BF4B-00C04F79EFBC}") = "AutomationTestStoreTests", "AutomationTestStoreTests\AutomationTestStoreTests.csproj", "{4956661F-96C9-4001-BAB4-7782F9485CE0}"
EndProject
Global
	GlobalSection(SolutionConfigurationPlatforms) = preSolution
		Debug|Any CPU = Debug|Any CPU
		Release|Any CPU = Release|Any CPU
	EndGlobalSection
	GlobalSection(ProjectConfigurationPlatforms) = postSolution
		{4956661F-96C9-4001-BAB4-7782F9485CE0}.Debug|Any CPU.ActiveCfg = Debug|Any CPU
		{4956661F-96C9-4001-BAB4-7782F9485CE0}.Debug|Any CPU.Build.0 = Debug|Any CPU
		{4956661F-96C9-4001-BAB4-7782F9485CE0}.Release|Any CPU.ActiveCfg = Release|Any CPU
		{4956661F-96C9-4001-BAB4-7782F9485CE0}.Release|Any CPU.Build.0 = Release|Any CPU
	EndGlobalSection
	GlobalSection(SolutionProperties) = preSolution
		HideSolutionNode = FALSE
	EndGlobalSection
	GlobalSection(ExtensibilityGlobals) = postSolution
		SolutionGuid = {D9AE6F78-090E-4B21-8865-C0AC66EE8682}
	EndGlobalSection
EndGlobal
